// !$*UTF8*$!
{
	archiveVersion = 1;
	classes = {
	};
	objectVersion = 46;
	objects = {

/* Begin PBXBuildFile section */
		6242DFE11E6CFFA50090FA6E /* AppDelegate.swift in Sources */ = {isa = PBXBuildFile; fileRef = 6242DFE01E6CFFA50090FA6E /* AppDelegate.swift */; };
		6242DFE31E6CFFA50090FA6E /* ViewController.swift in Sources */ = {isa = PBXBuildFile; fileRef = 6242DFE21E6CFFA50090FA6E /* ViewController.swift */; };
		6242DFE61E6CFFA50090FA6E /* Main.storyboard in Resources */ = {isa = PBXBuildFile; fileRef = 6242DFE41E6CFFA50090FA6E /* Main.storyboard */; };
		6242DFE81E6CFFA50090FA6E /* Assets.xcassets in Resources */ = {isa = PBXBuildFile; fileRef = 6242DFE71E6CFFA50090FA6E /* Assets.xcassets */; };
		6242DFEB1E6CFFA50090FA6E /* LaunchScreen.storyboard in Resources */ = {isa = PBXBuildFile; fileRef = 6242DFE91E6CFFA50090FA6E /* LaunchScreen.storyboard */; };
		6242DFF31E6D37B50090FA6E /* SettingsViewController.swift in Sources */ = {isa = PBXBuildFile; fileRef = 6242DFF21E6D37B50090FA6E /* SettingsViewController.swift */; };
/* End PBXBuildFile section */

/* Begin PBXFileReference section */
		6242DFDD1E6CFFA50090FA6E /* TipCalc.app */ = {isa = PBXFileReference; explicitFileType = wrapper.application; includeInIndex = 0; path = TipCalc.app; sourceTree = BUILT_PRODUCTS_DIR; };
		6242DFE01E6CFFA50090FA6E /* AppDelegate.swift */ = {isa = PBXFileReference; lastKnownFileType = sourcecode.swift; path = AppDelegate.swift; sourceTree = "<group>"; };
		6242DFE21E6CFFA50090FA6E /* ViewController.swift */ = {isa = PBXFileReference; lastKnownFileType = sourcecode.swift; path = ViewController.swift; sourceTree = "<group>"; };
		6242DFE51E6CFFA50090FA6E /* Base */ = {isa = PBXFileReference; lastKnownFileType = file.storyboard; name = Base; path = Base.lproj/Main.storyboard; sourceTree = "<group>"; };
		6242DFE71E6CFFA50090FA6E /* Assets.xcassets */ = {isa = PBXFileReference; lastKnownFileType = folder.assetcatalog; path = Assets.xcassets; sourceTree = "<group>"; };
		6242DFEA1E6CFFA50090FA6E /* Base */ = {isa = PBXFileReference; lastKnownFileType = file.storyboard; name = Base; path = Base.lproj/LaunchScreen.storyboard; sourceTree = "<group>"; };
		6242DFEC1E6CFFA50090FA6E /* Info.plist */ = {isa = PBXFileReference; lastKnownFileType = text.plist.xml; path = Info.plist; sourceTree = "<group>"; };
		6242DFF21E6D37B50090FA6E /* SettingsViewController.swift */ = {isa = PBXFileReference; fileEncoding = 4; lastKnownFileType = sourcecode.swift; path = SettingsViewController.swift; sourceTree = "<group>"; };
/* End PBXFileReference section */

/* Begin PBXFrameworksBuildPhase section */
		6242DFDA1E6CFFA50090FA6E /* Frameworks */ = {
			isa = PBXFrameworksBuildPhase;
			buildActionMask = 2147483647;
			files = (
			);
			runOnlyForDeploymentPostprocessing = 0;
		};
/* End PBXFrameworksBuildPhase section */

/* Begin PBXGroup section */
		6242DFD41E6CFFA50090FA6E = {
			isa = PBXGroup;
			children = (
				6242DFDF1E6CFFA50090FA6E /* TipCalc */,
				6242DFDE1E6CFFA50090FA6E /* Products */,
			);
			sourceTree = "<group>";
		};
		6242DFDE1E6CFFA50090FA6E /* Products */ = {
			isa = PBXGroup;
			children = (
				6242DFDD1E6CFFA50090FA6E /* TipCalc.app */,
			);
			name = Products;
			sourceTree = "<group>";
		};
		6242DFDF1E6CFFA50090FA6E /* TipCalc */ = {
			isa = PBXGroup;
			children = (
				6242DFE01E6CFFA50090FA6E /* AppDelegate.swift */,
				6242DFE21E6CFFA50090FA6E /* ViewController.swift */,
				6242DFE41E6CFFA50090FA6E /* Main.storyboard */,
				6242DFE71E6CFFA50090FA6E /* Assets.xcassets */,
				6242DFE91E6CFFA50090FA6E /* LaunchScreen.storyboard */,
				6242DFEC1E6CFFA50090FA6E /* Info.plist */,
				6242DFF21E6D37B50090FA6E /* SettingsViewController.swift */,
			);
			path = TipCalc;
			sourceTree = "<group>";
		};
/* End PBXGroup section */

/* Begin PBXNativeTarget section */
		6242DFDC1E6CFFA50090FA6E /* TipCalc */ = {
			isa = PBXNativeTarget;
			buildConfigurationList = 6242DFEF1E6CFFA50090FA6E /* Build configuration list for PBXNativeTarget "TipCalc" */;
			buildPhases = (
				6242DFD91E6CFFA50090FA6E /* Sources */,
				6242DFDA1E6CFFA50090FA6E /* Frameworks */,
				6242DFDB1E6CFFA50090FA6E /* Resources */,
			);
			buildRules = (
			);
			dependencies = (
			);
			name = TipCalc;
			productName = TipCalc;
			productReference = 6242DFDD1E6CFFA50090FA6E /* TipCalc.app */;
			productType = "com.apple.product-type.application";
		};
/* End PBXNativeTarget section */

/* Begin PBXProject section */
		6242DFD51E6CFFA50090FA6E /* Project object */ = {
			isa = PBXProject;
			attributes = {
				LastSwiftUpdateCheck = 0820;
				LastUpgradeCheck = 0820;
				ORGANIZATIONNAME = "Pattanashetty, Sadananda";
				TargetAttributes = {
					6242DFDC1E6CFFA50090FA6E = {
						CreatedOnToolsVersion = 8.2.1;
						DevelopmentTeam = G4SSPX3CBL;
						ProvisioningStyle = Automatic;
					};
				};
			};
			buildConfigurationList = 6242DFD81E6CFFA50090FA6E /* Build configuration list for PBXProject "TipCalc" */;
			compatibilityVersion = "Xcode 3.2";
			developmentRegion = English;
			hasScannedForEncodings = 0;
			knownRegions = (
				en,
				Base,
			);
			mainGroup = 6242DFD41E6CFFA50090FA6E;
			productRefGroup = 6242DFDE1E6CFFA50090FA6E /* Products */;
			projectDirPath = "";
			projectRoot = "";
			targets = (
				6242DFDC1E6CFFA50090FA6E /* TipCalc */,
			);
		};
/* End PBXProject section */

/* Begin PBXResourcesBuildPhase section */
		6242DFDB1E6CFFA50090FA6E /* Resources */ = {
			isa = PBXResourcesBuildPhase;
			buildActionMask = 2147483647;
			files = (
				6242DFEB1E6CFFA50090FA6E /* LaunchScreen.storyboard in Resources */,
				6242DFE81E6CFFA50090FA6E /* Assets.xcassets in Resources */,
				6242DFE61E6CFFA50090FA6E /* Main.storyboard in Resources */,
			);
			runOnlyForDeploymentPostprocessing = 0;
		};
/* End PBXResourcesBuildPhase section */

/* Begin PBXSourcesBuildPhase section */
		6242DFD91E6CFFA50090FA6E /* Sources */ = {
			isa = PBXSourcesBuildPhase;
			buildActionMask = 2147483647;
			files = (
				6242DFE31E6CFFA50090FA6E /* ViewController.swift in Sources */,
				6242DFE11E6CFFA50090FA6E /* AppDelegate.swift in Sources */,
				6242DFF31E6D37B50090FA6E /* SettingsViewController.swift in Sources */,
			);
			runOnlyForDeploymentPostprocessing = 0;
		};
/* End PBXSourcesBuildPhase section */

/* Begin PBXVariantGroup section */
		6242DFE41E6CFFA50090FA6E /* Main.storyboard */ = {
			isa = PBXVariantGroup;
			children = (
				6242DFE51E6CFFA50090FA6E /* Base */,
			);
			name = Main.storyboard;
			sourceTree = "<group>";
		};
		6242DFE91E6CFFA50090FA6E /* LaunchScreen.storyboard */ = {
			isa = PBXVariantGroup;
			children = (
				6242DFEA1E6CFFA50090FA6E /* Base */,
			);
			name = LaunchScreen.storyboard;
			sourceTree = "<group>";
		};
/* End PBXVariantGroup section */

/* Begin XCBuildConfiguration section */
		6242DFED1E6CFFA50090FA6E /* Debug */ = {
			isa = XCBuildConfiguration;
			buildSettings = {
				ALWAYS_SEARCH_USER_PATHS = NO;
				CLANG_ANALYZER_NONNULL = YES;
				CLANG_CXX_LANGUAGE_STANDARD = "gnu++0x";
				CLANG_CXX_LIBRARY = "libc++";
				CLANG_ENABLE_MODULES = YES;
				CLANG_ENABLE_OBJC_ARC = YES;
				CLANG_WARN_BOOL_CONVERSION = YES;
				CLANG_WARN_CONSTANT_CONVERSION = YES;
				CLANG_WARN_DIRECT_OBJC_ISA_USAGE = YES_ERROR;
				CLANG_WARN_DOCUMENTATION_COMMENTS = YES;
				CLANG_WARN_EMPTY_BODY = YES;
				CLANG_WARN_ENUM_CONVERSION = YES;
				CLANG_WARN_INFINITE_RECURSION = YES;
				CLANG_WARN_INT_CONVERSION = YES;
				CLANG_WARN_OBJC_ROOT_CLASS = YES_ERROR;
				CLANG_WARN_SUSPICIOUS_MOVE = YES;
				CLANG_WARN_UNREACHABLE_CODE = YES;
				CLANG_WARN__DUPLICATE_METHOD_MATCH = YES;
				"CODE_SIGN_IDENTITY[sdk=iphoneos*]" = "iPhone Developer";
				COPY_PHASE_STRIP = NO;
				DEBUG_INFORMATION_FORMAT = dwarf;
				ENABLE_STRICT_OBJC_MSGSEND = YES;
				ENABLE_TESTABILITY = YES;
				GCC_C_LANGUAGE_STANDARD = gnu99;
				GCC_DYNAMIC_NO_PIC = NO;
				GCC_NO_COMMON_BLOCKS = YES;
				GCC_OPTIMIZATION_LEVEL = 0;
				GCC_PREPROCESSOR_DEFINITIONS = (
					"DEBUG=1",
					"$(inherited)",
				);
				GCC_WARN_64_TO_32_BIT_CONVERSION = YES;
				GCC_WARN_ABOUT_RETURN_TYPE = YES_ERROR;
				GCC_WARN_UNDECLARED_SELECTOR = YES;
				GCC_WARN_UNINITIALIZED_AUTOS = YES_AGGRESSIVE;
				GCC_WARN_UNUSED_FUNCTION = YES;
				GCC_WARN_UNUSED_VARIABLE = YES;
				IPHONEOS_DEPLOYMENT_TARGET = 10.2;
				MTL_ENABLE_DEBUG_INFO = YES;
				ONLY_ACTIVE_ARCH = YES;
				SDKROOT = iphoneos;
				SWIFT_ACTIVE_COMPILATION_CONDITIONS = DEBUG;
				SWIFT_OPTIMIZATION_LEVEL = "-Onone";
				TARGETED_DEVICE_FAMILY = "1,2";
			};
			name = Debug;
		};
		6242DFEE1E6CFFA50090FA6E /* Release */ = {
			isa = XCBuildConfiguration;
			buildSettings = {
				ALWAYS_SEARCH_USER_PATHS = NO;
				CLANG_ANALYZER_NONNULL = YES;
				CLANG_CXX_LANGUAGE_STANDARD = "gnu++0x";
				CLANG_CXX_LIBRARY = "libc++";
				CLANG_ENABLE_MODULES = YES;
				CLANG_ENABLE_OBJC_ARC = YES;
				CLANG_WARN_BOOL_CONVERSION = YES;
				CLANG_WARN_CONSTANT_CONVERSION = YES;
				CLANG_WARN_DIRECT_OBJC_ISA_USAGE = YES_ERROR;
				CLANG_WARN_DOCUMENTATION_COMMENTS = YES;
				CLANG_WARN_EMPTY_BODY = YES;
				CLANG_WARN_ENUM_CONVERSION = YES;
				CLANG_WARN_INFINITE_RECURSION = YES;
				CLANG_WARN_INT_CONVERSION = YES;
				CLANG_WARN_OBJC_ROOT_CLASS = YES_ERROR;
				CLANG_WARN_SUSPICIOUS_MOVE = YES;
				CLANG_WARN_UNREACHABLE_CODE = YES;
				CLANG_WARN__DUPLICATE_METHOD_MATCH = YES;
				"CODE_SIGN_IDENTITY[sdk=iphoneos*]" = "iPhone Developer";
				COPY_PHASE_STRIP = NO;
				DEBUG_INFORMATION_FORMAT = "dwarf-with-dsym";
				ENABLE_NS_ASSERTIONS = NO;
				ENABLE_STRICT_OBJC_MSGSEND = YES;
				GCC_C_LANGUAGE_STANDARD = gnu99;
				GCC_NO_COMMON_BLOCKS = YES;
				GCC_WARN_64_TO_32_BIT_CONVERSION = YES;
				GCC_WARN_ABOUT_RETURN_TYPE = YES_ERROR;
				GCC_WARN_UNDECLARED_SELECTOR = YES;
				GCC_WARN_UNINITIALIZED_AUTOS = YES_AGGRESSIVE;
				GCC_WARN_UNUSED_FUNCTION = YES;
				GCC_WARN_UNUSED_VARIABLE = YES;
				IPHONEOS_DEPLOYMENT_TARGET = 10.2;
				MTL_ENABLE_DEBUG_INFO = NO;
				SDKROOT = iphoneos;
				SWIFT_OPTIMIZATION_LEVEL = "-Owholemodule";
				TARGETED_DEVICE_FAMILY = "1,2";
				VALIDATE_PRODUCT = YES;
			};
			name = Release;
		};
		6242DFF01E6CFFA50090FA6E /* Debug */ = {
			isa = XCBuildConfiguration;
			buildSettings = {
				ASSETCATALOG_COMPILER_APPICON_NAME = AppIcon;
				DEVELOPMENT_TEAM = G4SSPX3CBL;
				INFOPLIST_FILE = TipCalc/Info.plist;
				LD_RUNPATH_SEARCH_PATHS = "$(inherited) @executable_path/Frameworks";
				PRODUCT_BUNDLE_IDENTIFIER = com.intuit.TipCalc;
				PRODUCT_NAME = "$(TARGET_NAME)";
				SWIFT_VERSION = 3.0;
			};
			name = Debug;
		};
		6242DFF11E6CFFA50090FA6E /* Release */ = {
			isa = XCBuildConfiguration;
			buildSettings = {
				ASSETCATALOG_COMPILER_APPICON_NAME = AppIcon;
				DEVELOPMENT_TEAM = G4SSPX3CBL;
				INFOPLIST_FILE = TipCalc/Info.plist;
				LD_RUNPATH_SEARCH_PATHS = "$(inherited) @executable_path/Frameworks";
				PRODUCT_BUNDLE_IDENTIFIER = com.intuit.TipCalc;
				PRODUCT_NAME = "$(TARGET_NAME)";
				SWIFT_VERSION = 3.0;
			};
			name = Release;
		};
/* End XCBuildConfiguration section */

/* Begin XCConfigurationList section */
		6242DFD81E6CFFA50090FA6E /* Build configuration list for PBXProject "TipCalc" */ = {
			isa = XCConfigurationList;
			buildConfigurations = (
				6242DFED1E6CFFA50090FA6E /* Debug */,
				6242DFEE1E6CFFA50090FA6E /* Release */,
			);
			defaultConfigurationIsVisible = 0;
			defaultConfigurationName = Release;
		};
		6242DFEF1E6CFFA50090FA6E /* Build configuration list for PBXNativeTarget "TipCalc" */ = {
			isa = XCConfigurationList;
			buildConfigurations = (
				6242DFF01E6CFFA50090FA6E /* Debug */,
				6242DFF11E6CFFA50090FA6E /* Release */,
			);
			defaultConfigurationIsVisible = 0;
		};
/* End XCConfigurationList section */
	};
	rootObject = 6242DFD51E6CFFA50090FA6E /* Project object */;
}
